
Microsoft Visual Studio Solution File, Format Version 12.00
# Visual Studio Version 17
VisualStudioVersion = 17.11.35327.3
MinimumVisualStudioVersion = 10.0.40219.1
Project("{9A19103F-16F7-4668-BE54-9A1E7A4F7556}") = "11-25 SQLite", "11-25 SQLite.csproj", "{941AA5D5-80F7-45C5-978B-2F779EDEDBE9}"
EndProject
Project("{9A19103F-16F7-4668-BE54-9A1E7A4F7556}") = "ExpensesTraker_App_wpf", "..\ExpensesTraker_App_wpf\ExpensesTraker_App_wpf.csproj", "{6DA4B935-AAB2-44DA-9E6B-D801C6404743}"
EndProject
Project("{9A19103F-16F7-4668-BE54-9A1E7A4F7556}") = "ExpensesTraker_Library", "..\ExpensesTraker_Library\ExpensesTraker_Library.csproj", "{6AAC66DA-8540-4BD1-A7C3-4252F3602DD6}"
EndProject
Global
	GlobalSection(SolutionConfigurationPlatforms) = preSolution
		Debug|Any CPU = Debug|Any CPU
		Release|Any CPU = Release|Any CPU
	EndGlobalSection
	GlobalSection(ProjectConfigurationPlatforms) = postSolution
		{941AA5D5-80F7-45C5-978B-2F779EDEDBE9}.Debug|Any CPU.ActiveCfg = Debug|Any CPU
		{941AA5D5-80F7-45C5-978B-2F779EDEDBE9}.Debug|Any CPU.Build.0 = Debug|Any CPU
		{941AA5D5-80F7-45C5-978B-2F779EDEDBE9}.Release|Any CPU.ActiveCfg = Release|Any CPU
		{941AA5D5-80F7-45C5-978B-2F779EDEDBE9}.Release|Any CPU.Build.0 = Release|Any CPU
		{6DA4B935-AAB2-44DA-9E6B-D801C6404743}.Debug|Any CPU.ActiveCfg = Debug|Any CPU
		{6DA4B935-AAB2-44DA-9E6B-D801C6404743}.Debug|Any CPU.Build.0 = Debug|Any CPU
		{6DA4B935-AAB2-44DA-9E6B-D801C6404743}.Release|Any CPU.ActiveCfg = Release|Any CPU
		{6DA4B935-AAB2-44DA-9E6B-D801C6404743}.Release|Any CPU.Build.0 = Release|Any CPU
		{6AAC66DA-8540-4BD1-A7C3-4252F3602DD6}.Debug|Any CPU.ActiveCfg = Debug|Any CPU
		{6AAC66DA-8540-4BD1-A7C3-4252F3602DD6}.Debug|Any CPU.Build.0 = Debug|Any CPU
		{6AAC66DA-8540-4BD1-A7C3-4252F3602DD6}.Release|Any CPU.ActiveCfg = Release|Any CPU
		{6AAC66DA-8540-4BD1-A7C3-4252F3602DD6}.Release|Any CPU.Build.0 = Release|Any CPU
	EndGlobalSection
	GlobalSection(SolutionProperties) = preSolution
		HideSolutionNode = FALSE
	EndGlobalSection
	GlobalSection(ExtensibilityGlobals) = postSolution
		SolutionGuid = {E8BF2066-1A5D-4FE0-A851-FC916892AD1A}
	EndGlobalSection
EndGlobal
