
Microsoft Visual Studio Solution File, Format Version 12.00
# Visual Studio Version 17
VisualStudioVersion = 17.11.35327.3
MinimumVisualStudioVersion = 10.0.40219.1
Project("{FAE04EC0-301F-11D3-BF4B-00C04F79EFBC}") = "11-25 SQLite", "11-25 SQLite.csproj", "{941AA5D5-80F7-45C5-978B-2F779EDEDBE9}"
EndProject
Global
	GlobalSection(SolutionConfigurationPlatforms) = preSolution
		Debug|Any CPU = Debug|Any CPU
		Release|Any CPU = Release|Any CPU
	EndGlobalSection
	GlobalSection(ProjectConfigurationPlatforms) = postSolution
		{941AA5D5-80F7-45C5-978B-2F779EDEDBE9}.Debug|Any CPU.ActiveCfg = Debug|Any CPU
		{941AA5D5-80F7-45C5-978B-2F779EDEDBE9}.Debug|Any CPU.Build.0 = Debug|Any CPU
		{941AA5D5-80F7-45C5-978B-2F779EDEDBE9}.Release|Any CPU.ActiveCfg = Release|Any CPU
		{941AA5D5-80F7-45C5-978B-2F779EDEDBE9}.Release|Any CPU.Build.0 = Release|Any CPU
	EndGlobalSection
	GlobalSection(SolutionProperties) = preSolution
		HideSolutionNode = FALSE
	EndGlobalSection
	GlobalSection(ExtensibilityGlobals) = postSolution
		SolutionGuid = {E8BF2066-1A5D-4FE0-A851-FC916892AD1A}
	EndGlobalSection
EndGlobal
